
Microsoft Visual Studio Solution File, Format Version 12.00
# Visual Studio 2012
Project("{FAE04EC0-301F-11D3-BF4B-00C04F79EFBC}") = "udpMessenger", "udpMessenger\udpMessenger.csproj", "{FF7F86EC-8E45-4DFF-9342-978AD33EAE22}"
EndProject
Global
	GlobalSection(SolutionConfigurationPlatforms) = preSolution
		Debug|Any CPU = Debug|Any CPU
		Release|Any CPU = Release|Any CPU
	EndGlobalSection
	GlobalSection(ProjectConfigurationPlatforms) = postSolution
		{FF7F86EC-8E45-4DFF-9342-978AD33EAE22}.Debug|Any CPU.ActiveCfg = Debug|Any CPU
		{FF7F86EC-8E45-4DFF-9342-978AD33EAE22}.Debug|Any CPU.Build.0 = Debug|Any CPU
		{FF7F86EC-8E45-4DFF-9342-978AD33EAE22}.Release|Any CPU.ActiveCfg = Release|Any CPU
		{FF7F86EC-8E45-4DFF-9342-978AD33EAE22}.Release|Any CPU.Build.0 = Release|Any CPU
	EndGlobalSection
	GlobalSection(SolutionProperties) = preSolution
		HideSolutionNode = FALSE
	EndGlobalSection
EndGlobal
